# THIS IS AN AUTOGENERATED FILE. DO NOT EDIT THIS FILE DIRECTLY.
# yarn lockfile v1


lz4js@^0.2.0:
  version "0.2.0"
  resolved "https://registry.yarnpkg.com/lz4js/-/lz4js-0.2.0.tgz#09f1a397cb2158f675146c3351dde85058cb322f"
  integrity sha1-CfGjl8shWPZ1FGwzUd3oUFjLMi8=

msgpack@^1.0.3:
  version "1.0.3"
  resolved "https://registry.yarnpkg.com/msgpack/-/msgpack-1.0.3.tgz#4106369ef1691a23884098c6217c4c07b95aa2f9"
  integrity sha512-FX88+Pexuh+UItdqg68WhNPGPhqs57RlXAYyXNZ8eTQC/Tx5lzeIoxTxA2qAd7qU5a/crON5F0ADf4l6k2b7Jw==
  dependencies:
    nan "^2.14.0"

nan@^2.14.0:
  version "2.14.2"
  resolved "https://registry.yarnpkg.com/nan/-/nan-2.14.2.tgz#f5376400695168f4cc694ac9393d0c9585eeea19"
  integrity sha512-M2ufzIiINKCuDfBSAUr1vWQ+vuVcA9kqx8JJUsbQi6yf1uGRyb7HfpdfUr5qLXf3B/t8dPvcjhKMmlfnP47EzQ==
